
Microsoft Visual Studio Solution File, Format Version 12.00
Project("{FAE04EC0-301F-11D3-BF4B-00C04F79EFBC}") = "Bukashki", "Bukashki\Bukashki.csproj", "{57774A34-D57B-434C-B1D0-7A6F3454C5F1}"
EndProject
Project("{FAE04EC0-301F-11D3-BF4B-00C04F79EFBC}") = "Bukashki.Domain", "Bukashki.Domain\Bukashki.Domain.csproj", "{8BC1037C-1225-44B1-AED3-9BAE535D6085}"
EndProject
Global
	GlobalSection(SolutionConfigurationPlatforms) = preSolution
		Debug|Any CPU = Debug|Any CPU
		Release|Any CPU = Release|Any CPU
	EndGlobalSection
	GlobalSection(ProjectConfigurationPlatforms) = postSolution
		{57774A34-D57B-434C-B1D0-7A6F3454C5F1}.Debug|Any CPU.ActiveCfg = Debug|Any CPU
		{57774A34-D57B-434C-B1D0-7A6F3454C5F1}.Debug|Any CPU.Build.0 = Debug|Any CPU
		{57774A34-D57B-434C-B1D0-7A6F3454C5F1}.Release|Any CPU.ActiveCfg = Release|Any CPU
		{57774A34-D57B-434C-B1D0-7A6F3454C5F1}.Release|Any CPU.Build.0 = Release|Any CPU
		{8BC1037C-1225-44B1-AED3-9BAE535D6085}.Debug|Any CPU.ActiveCfg = Debug|Any CPU
		{8BC1037C-1225-44B1-AED3-9BAE535D6085}.Debug|Any CPU.Build.0 = Debug|Any CPU
		{8BC1037C-1225-44B1-AED3-9BAE535D6085}.Release|Any CPU.ActiveCfg = Release|Any CPU
		{8BC1037C-1225-44B1-AED3-9BAE535D6085}.Release|Any CPU.Build.0 = Release|Any CPU
	EndGlobalSection
EndGlobal
